// !$*UTF8*$!
{
	archiveVersion = 1;
	classes = {
	};
	objectVersion = 48;
	objects = {

/* Begin PBXBuildFile section */
		35AD9465202723E7001C003D /* fennec.framework in Frameworks */ = {isa = PBXBuildFile; fileRef = 35AD945B202723E7001C003D /* fennec.framework */; };
		35AD946A202723E7001C003D /* fennecTests.swift in Sources */ = {isa = PBXBuildFile; fileRef = 35AD9469202723E7001C003D /* fennecTests.swift */; };
		35AD946C202723E7001C003D /* fennec.h in Headers */ = {isa = PBXBuildFile; fileRef = 35AD945E202723E7001C003D /* fennec.h */; settings = {ATTRIBUTES = (Public, ); }; };
		35AD94762027247D001C003D /* Protocols.swift in Sources */ = {isa = PBXBuildFile; fileRef = 35AD94752027247D001C003D /* Protocols.swift */; };
		35AD94782027493C001C003D /* System.swift in Sources */ = {isa = PBXBuildFile; fileRef = 35AD94772027493C001C003D /* System.swift */; };
/* End PBXBuildFile section */

/* Begin PBXContainerItemProxy section */
		35AD9466202723E7001C003D /* PBXContainerItemProxy */ = {
			isa = PBXContainerItemProxy;
			containerPortal = 35AD9452202723E7001C003D /* Project object */;
			proxyType = 1;
			remoteGlobalIDString = 35AD945A202723E7001C003D;
			remoteInfo = fennec;
		};
/* End PBXContainerItemProxy section */

/* Begin PBXFileReference section */
		35AD945B202723E7001C003D /* fennec.framework */ = {isa = PBXFileReference; explicitFileType = wrapper.framework; includeInIndex = 0; path = fennec.framework; sourceTree = BUILT_PRODUCTS_DIR; };
		35AD945E202723E7001C003D /* fennec.h */ = {isa = PBXFileReference; lastKnownFileType = sourcecode.c.h; path = fennec.h; sourceTree = "<group>"; };
		35AD945F202723E7001C003D /* Info.plist */ = {isa = PBXFileReference; lastKnownFileType = text.plist.xml; path = Info.plist; sourceTree = "<group>"; };
		35AD9464202723E7001C003D /* fennecTests.xctest */ = {isa = PBXFileReference; explicitFileType = wrapper.cfbundle; includeInIndex = 0; path = fennecTests.xctest; sourceTree = BUILT_PRODUCTS_DIR; };
		35AD9469202723E7001C003D /* fennecTests.swift */ = {isa = PBXFileReference; lastKnownFileType = sourcecode.swift; path = fennecTests.swift; sourceTree = "<group>"; };
		35AD946B202723E7001C003D /* Info.plist */ = {isa = PBXFileReference; lastKnownFileType = text.plist.xml; path = Info.plist; sourceTree = "<group>"; };
		35AD94752027247D001C003D /* Protocols.swift */ = {isa = PBXFileReference; lastKnownFileType = sourcecode.swift; path = Protocols.swift; sourceTree = "<group>"; };
		35AD94772027493C001C003D /* System.swift */ = {isa = PBXFileReference; lastKnownFileType = sourcecode.swift; path = System.swift; sourceTree = "<group>"; };
/* End PBXFileReference section */

/* Begin PBXFrameworksBuildPhase section */
		35AD9457202723E7001C003D /* Frameworks */ = {
			isa = PBXFrameworksBuildPhase;
			buildActionMask = 2147483647;
			files = (
			);
			runOnlyForDeploymentPostprocessing = 0;
		};
		35AD9461202723E7001C003D /* Frameworks */ = {
			isa = PBXFrameworksBuildPhase;
			buildActionMask = 2147483647;
			files = (
				35AD9465202723E7001C003D /* fennec.framework in Frameworks */,
			);
			runOnlyForDeploymentPostprocessing = 0;
		};
/* End PBXFrameworksBuildPhase section */

/* Begin PBXGroup section */
		35AD9451202723E7001C003D = {
			isa = PBXGroup;
			children = (
				35AD945D202723E7001C003D /* fennec */,
				35AD9468202723E7001C003D /* fennecTests */,
				35AD945C202723E7001C003D /* Products */,
			);
			sourceTree = "<group>";
		};
		35AD945C202723E7001C003D /* Products */ = {
			isa = PBXGroup;
			children = (
				35AD945B202723E7001C003D /* fennec.framework */,
				35AD9464202723E7001C003D /* fennecTests.xctest */,
			);
			name = Products;
			sourceTree = "<group>";
		};
		35AD945D202723E7001C003D /* fennec */ = {
			isa = PBXGroup;
			children = (
				35AD945E202723E7001C003D /* fennec.h */,
				35AD945F202723E7001C003D /* Info.plist */,
				35AD94752027247D001C003D /* Protocols.swift */,
				35AD94772027493C001C003D /* System.swift */,
			);
			path = fennec;
			sourceTree = "<group>";
		};
		35AD9468202723E7001C003D /* fennecTests */ = {
			isa = PBXGroup;
			children = (
				35AD9469202723E7001C003D /* fennecTests.swift */,
				35AD946B202723E7001C003D /* Info.plist */,
			);
			path = fennecTests;
			sourceTree = "<group>";
		};
/* End PBXGroup section */

/* Begin PBXHeadersBuildPhase section */
		35AD9458202723E7001C003D /* Headers */ = {
			isa = PBXHeadersBuildPhase;
			buildActionMask = 2147483647;
			files = (
				35AD946C202723E7001C003D /* fennec.h in Headers */,
			);
			runOnlyForDeploymentPostprocessing = 0;
		};
/* End PBXHeadersBuildPhase section */

/* Begin PBXNativeTarget section */
		35AD945A202723E7001C003D /* fennec */ = {
			isa = PBXNativeTarget;
			buildConfigurationList = 35AD946F202723E7001C003D /* Build configuration list for PBXNativeTarget "fennec" */;
			buildPhases = (
				35AD9456202723E7001C003D /* Sources */,
				35AD9457202723E7001C003D /* Frameworks */,
				35AD9458202723E7001C003D /* Headers */,
				35AD9459202723E7001C003D /* Resources */,
			);
			buildRules = (
			);
			dependencies = (
			);
			name = fennec;
			productName = fennec;
			productReference = 35AD945B202723E7001C003D /* fennec.framework */;
			productType = "com.apple.product-type.framework";
		};
		35AD9463202723E7001C003D /* fennecTests */ = {
			isa = PBXNativeTarget;
			buildConfigurationList = 35AD9472202723E7001C003D /* Build configuration list for PBXNativeTarget "fennecTests" */;
			buildPhases = (
				35AD9460202723E7001C003D /* Sources */,
				35AD9461202723E7001C003D /* Frameworks */,
				35AD9462202723E7001C003D /* Resources */,
			);
			buildRules = (
			);
			dependencies = (
				35AD9467202723E7001C003D /* PBXTargetDependency */,
			);
			name = fennecTests;
			productName = fennecTests;
			productReference = 35AD9464202723E7001C003D /* fennecTests.xctest */;
			productType = "com.apple.product-type.bundle.unit-test";
		};
/* End PBXNativeTarget section */

/* Begin PBXProject section */
		35AD9452202723E7001C003D /* Project object */ = {
			isa = PBXProject;
			attributes = {
				LastSwiftUpdateCheck = 0920;
				LastUpgradeCheck = 0920;
				ORGANIZATIONNAME = eliksir;
				TargetAttributes = {
					35AD945A202723E7001C003D = {
						CreatedOnToolsVersion = 9.2;
						LastSwiftMigration = 0920;
						ProvisioningStyle = Automatic;
					};
					35AD9463202723E7001C003D = {
						CreatedOnToolsVersion = 9.2;
						ProvisioningStyle = Automatic;
					};
				};
			};
			buildConfigurationList = 35AD9455202723E7001C003D /* Build configuration list for PBXProject "Fennec" */;
			compatibilityVersion = "Xcode 8.0";
			developmentRegion = en;
			hasScannedForEncodings = 0;
			knownRegions = (
				en,
			);
			mainGroup = 35AD9451202723E7001C003D;
			productRefGroup = 35AD945C202723E7001C003D /* Products */;
			projectDirPath = "";
			projectRoot = "";
			targets = (
				35AD945A202723E7001C003D /* fennec */,
				35AD9463202723E7001C003D /* fennecTests */,
			);
		};
/* End PBXProject section */

/* Begin PBXResourcesBuildPhase section */
		35AD9459202723E7001C003D /* Resources */ = {
			isa = PBXResourcesBuildPhase;
			buildActionMask = 2147483647;
			files = (
			);
			runOnlyForDeploymentPostprocessing = 0;
		};
		35AD9462202723E7001C003D /* Resources */ = {
			isa = PBXResourcesBuildPhase;
			buildActionMask = 2147483647;
			files = (
			);
			runOnlyForDeploymentPostprocessing = 0;
		};
/* End PBXResourcesBuildPhase section */

/* Begin PBXSourcesBuildPhase section */
		35AD9456202723E7001C003D /* Sources */ = {
			isa = PBXSourcesBuildPhase;
			buildActionMask = 2147483647;
			files = (
				35AD94782027493C001C003D /* System.swift in Sources */,
				35AD94762027247D001C003D /* Protocols.swift in Sources */,
			);
			runOnlyForDeploymentPostprocessing = 0;
		};
		35AD9460202723E7001C003D /* Sources */ = {
			isa = PBXSourcesBuildPhase;
			buildActionMask = 2147483647;
			files = (
				35AD946A202723E7001C003D /* fennecTests.swift in Sources */,
			);
			runOnlyForDeploymentPostprocessing = 0;
		};
/* End PBXSourcesBuildPhase section */

/* Begin PBXTargetDependency section */
		35AD9467202723E7001C003D /* PBXTargetDependency */ = {
			isa = PBXTargetDependency;
			target = 35AD945A202723E7001C003D /* fennec */;
			targetProxy = 35AD9466202723E7001C003D /* PBXContainerItemProxy */;
		};
/* End PBXTargetDependency section */

/* Begin XCBuildConfiguration section */
		35AD946D202723E7001C003D /* Debug */ = {
			isa = XCBuildConfiguration;
			buildSettings = {
				ALWAYS_SEARCH_USER_PATHS = NO;
				CLANG_ANALYZER_NONNULL = YES;
				CLANG_ANALYZER_NUMBER_OBJECT_CONVERSION = YES_AGGRESSIVE;
				CLANG_CXX_LANGUAGE_STANDARD = "gnu++14";
				CLANG_CXX_LIBRARY = "libc++";
				CLANG_ENABLE_MODULES = YES;
				CLANG_ENABLE_OBJC_ARC = YES;
				CLANG_WARN_BLOCK_CAPTURE_AUTORELEASING = YES;
				CLANG_WARN_BOOL_CONVERSION = YES;
				CLANG_WARN_COMMA = YES;
				CLANG_WARN_CONSTANT_CONVERSION = YES;
				CLANG_WARN_DIRECT_OBJC_ISA_USAGE = YES_ERROR;
				CLANG_WARN_DOCUMENTATION_COMMENTS = YES;
				CLANG_WARN_EMPTY_BODY = YES;
				CLANG_WARN_ENUM_CONVERSION = YES;
				CLANG_WARN_INFINITE_RECURSION = YES;
				CLANG_WARN_INT_CONVERSION = YES;
				CLANG_WARN_NON_LITERAL_NULL_CONVERSION = YES;
				CLANG_WARN_OBJC_LITERAL_CONVERSION = YES;
				CLANG_WARN_OBJC_ROOT_CLASS = YES_ERROR;
				CLANG_WARN_RANGE_LOOP_ANALYSIS = YES;
				CLANG_WARN_STRICT_PROTOTYPES = YES;
				CLANG_WARN_SUSPICIOUS_MOVE = YES;
				CLANG_WARN_UNGUARDED_AVAILABILITY = YES_AGGRESSIVE;
				CLANG_WARN_UNREACHABLE_CODE = YES;
				CLANG_WARN__DUPLICATE_METHOD_MATCH = YES;
				CODE_SIGN_IDENTITY = "iPhone Developer";
				COPY_PHASE_STRIP = NO;
				CURRENT_PROJECT_VERSION = 1;
				DEBUG_INFORMATION_FORMAT = dwarf;
				ENABLE_STRICT_OBJC_MSGSEND = YES;
				ENABLE_TESTABILITY = YES;
				GCC_C_LANGUAGE_STANDARD = gnu11;
				GCC_DYNAMIC_NO_PIC = NO;
				GCC_NO_COMMON_BLOCKS = YES;
				GCC_OPTIMIZATION_LEVEL = 0;
				GCC_PREPROCESSOR_DEFINITIONS = (
					"DEBUG=1",
					"$(inherited)",
				);
				GCC_WARN_64_TO_32_BIT_CONVERSION = YES;
				GCC_WARN_ABOUT_RETURN_TYPE = YES_ERROR;
				GCC_WARN_UNDECLARED_SELECTOR = YES;
				GCC_WARN_UNINITIALIZED_AUTOS = YES_AGGRESSIVE;
				GCC_WARN_UNUSED_FUNCTION = YES;
				GCC_WARN_UNUSED_VARIABLE = YES;
				IPHONEOS_DEPLOYMENT_TARGET = 11.2;
				MTL_ENABLE_DEBUG_INFO = YES;
				ONLY_ACTIVE_ARCH = YES;
				SDKROOT = iphoneos;
				SWIFT_ACTIVE_COMPILATION_CONDITIONS = DEBUG;
				SWIFT_OPTIMIZATION_LEVEL = "-Onone";
				VERSIONING_SYSTEM = "apple-generic";
				VERSION_INFO_PREFIX = "";
			};
			name = Debug;
		};
		35AD946E202723E7001C003D /* Release */ = {
			isa = XCBuildConfiguration;
			buildSettings = {
				ALWAYS_SEARCH_USER_PATHS = NO;
				CLANG_ANALYZER_NONNULL = YES;
				CLANG_ANALYZER_NUMBER_OBJECT_CONVERSION = YES_AGGRESSIVE;
				CLANG_CXX_LANGUAGE_STANDARD = "gnu++14";
				CLANG_CXX_LIBRARY = "libc++";
				CLANG_ENABLE_MODULES = YES;
				CLANG_ENABLE_OBJC_ARC = YES;
				CLANG_WARN_BLOCK_CAPTURE_AUTORELEASING = YES;
				CLANG_WARN_BOOL_CONVERSION = YES;
				CLANG_WARN_COMMA = YES;
				CLANG_WARN_CONSTANT_CONVERSION = YES;
				CLANG_WARN_DIRECT_OBJC_ISA_USAGE = YES_ERROR;
				CLANG_WARN_DOCUMENTATION_COMMENTS = YES;
				CLANG_WARN_EMPTY_BODY = YES;
				CLANG_WARN_ENUM_CONVERSION = YES;
				CLANG_WARN_INFINITE_RECURSION = YES;
				CLANG_WARN_INT_CONVERSION = YES;
				CLANG_WARN_NON_LITERAL_NULL_CONVERSION = YES;
				CLANG_WARN_OBJC_LITERAL_CONVERSION = YES;
				CLANG_WARN_OBJC_ROOT_CLASS = YES_ERROR;
				CLANG_WARN_RANGE_LOOP_ANALYSIS = YES;
				CLANG_WARN_STRICT_PROTOTYPES = YES;
				CLANG_WARN_SUSPICIOUS_MOVE = YES;
				CLANG_WARN_UNGUARDED_AVAILABILITY = YES_AGGRESSIVE;
				CLANG_WARN_UNREACHABLE_CODE = YES;
				CLANG_WARN__DUPLICATE_METHOD_MATCH = YES;
				CODE_SIGN_IDENTITY = "iPhone Developer";
				COPY_PHASE_STRIP = NO;
				CURRENT_PROJECT_VERSION = 1;
				DEBUG_INFORMATION_FORMAT = "dwarf-with-dsym";
				ENABLE_NS_ASSERTIONS = NO;
				ENABLE_STRICT_OBJC_MSGSEND = YES;
				GCC_C_LANGUAGE_STANDARD = gnu11;
				GCC_NO_COMMON_BLOCKS = YES;
				GCC_WARN_64_TO_32_BIT_CONVERSION = YES;
				GCC_WARN_ABOUT_RETURN_TYPE = YES_ERROR;
				GCC_WARN_UNDECLARED_SELECTOR = YES;
				GCC_WARN_UNINITIALIZED_AUTOS = YES_AGGRESSIVE;
				GCC_WARN_UNUSED_FUNCTION = YES;
				GCC_WARN_UNUSED_VARIABLE = YES;
				IPHONEOS_DEPLOYMENT_TARGET = 11.2;
				MTL_ENABLE_DEBUG_INFO = NO;
				SDKROOT = iphoneos;
				SWIFT_OPTIMIZATION_LEVEL = "-Owholemodule";
				VALIDATE_PRODUCT = YES;
				VERSIONING_SYSTEM = "apple-generic";
				VERSION_INFO_PREFIX = "";
			};
			name = Release;
		};
		35AD9470202723E7001C003D /* Debug */ = {
			isa = XCBuildConfiguration;
			buildSettings = {
				CLANG_ENABLE_MODULES = YES;
				CODE_SIGN_IDENTITY = "";
				CODE_SIGN_STYLE = Automatic;
				DEFINES_MODULE = YES;
				DEVELOPMENT_TEAM = 7GR93DWBFC;
				DYLIB_COMPATIBILITY_VERSION = 1;
				DYLIB_CURRENT_VERSION = 1;
				DYLIB_INSTALL_NAME_BASE = "@rpath";
				INFOPLIST_FILE = fennec/Info.plist;
				INSTALL_PATH = "$(LOCAL_LIBRARY_DIR)/Frameworks";
				LD_RUNPATH_SEARCH_PATHS = "$(inherited) @executable_path/Frameworks @loader_path/Frameworks";
				PRODUCT_BUNDLE_IDENTIFIER = com.eliksir.fennec;
				PRODUCT_NAME = "$(TARGET_NAME:c99extidentifier)";
				SKIP_INSTALL = YES;
				SWIFT_OPTIMIZATION_LEVEL = "-Onone";
				SWIFT_VERSION = 4.0;
				TARGETED_DEVICE_FAMILY = "1,2";
			};
			name = Debug;
		};
		35AD9471202723E7001C003D /* Release */ = {
			isa = XCBuildConfiguration;
			buildSettings = {
				CLANG_ENABLE_MODULES = YES;
				CODE_SIGN_IDENTITY = "";
				CODE_SIGN_STYLE = Automatic;
				DEFINES_MODULE = YES;
				DEVELOPMENT_TEAM = 7GR93DWBFC;
				DYLIB_COMPATIBILITY_VERSION = 1;
				DYLIB_CURRENT_VERSION = 1;
				DYLIB_INSTALL_NAME_BASE = "@rpath";
				INFOPLIST_FILE = fennec/Info.plist;
				INSTALL_PATH = "$(LOCAL_LIBRARY_DIR)/Frameworks";
				LD_RUNPATH_SEARCH_PATHS = "$(inherited) @executable_path/Frameworks @loader_path/Frameworks";
				PRODUCT_BUNDLE_IDENTIFIER = com.eliksir.fennec;
				PRODUCT_NAME = "$(TARGET_NAME:c99extidentifier)";
				SKIP_INSTALL = YES;
				SWIFT_VERSION = 4.0;
				TARGETED_DEVICE_FAMILY = "1,2";
			};
			name = Release;
		};
		35AD9473202723E7001C003D /* Debug */ = {
			isa = XCBuildConfiguration;
			buildSettings = {
				ALWAYS_EMBED_SWIFT_STANDARD_LIBRARIES = YES;
				CODE_SIGN_STYLE = Automatic;
				DEVELOPMENT_TEAM = 7GR93DWBFC;
				INFOPLIST_FILE = fennecTests/Info.plist;
				LD_RUNPATH_SEARCH_PATHS = "$(inherited) @executable_path/Frameworks @loader_path/Frameworks";
				PRODUCT_BUNDLE_IDENTIFIER = com.eliksir.fennecTests;
				PRODUCT_NAME = "$(TARGET_NAME)";
				SWIFT_VERSION = 4.0;
				TARGETED_DEVICE_FAMILY = "1,2";
			};
			name = Debug;
		};
		35AD9474202723E7001C003D /* Release */ = {
			isa = XCBuildConfiguration;
			buildSettings = {
				ALWAYS_EMBED_SWIFT_STANDARD_LIBRARIES = YES;
				CODE_SIGN_STYLE = Automatic;
				DEVELOPMENT_TEAM = 7GR93DWBFC;
				INFOPLIST_FILE = fennecTests/Info.plist;
				LD_RUNPATH_SEARCH_PATHS = "$(inherited) @executable_path/Frameworks @loader_path/Frameworks";
				PRODUCT_BUNDLE_IDENTIFIER = com.eliksir.fennecTests;
				PRODUCT_NAME = "$(TARGET_NAME)";
				SWIFT_VERSION = 4.0;
				TARGETED_DEVICE_FAMILY = "1,2";
			};
			name = Release;
		};
/* End XCBuildConfiguration section */

/* Begin XCConfigurationList section */
		35AD9455202723E7001C003D /* Build configuration list for PBXProject "Fennec" */ = {
			isa = XCConfigurationList;
			buildConfigurations = (
				35AD946D202723E7001C003D /* Debug */,
				35AD946E202723E7001C003D /* Release */,
			);
			defaultConfigurationIsVisible = 0;
			defaultConfigurationName = Release;
		};
		35AD946F202723E7001C003D /* Build configuration list for PBXNativeTarget "fennec" */ = {
			isa = XCConfigurationList;
			buildConfigurations = (
				35AD9470202723E7001C003D /* Debug */,
				35AD9471202723E7001C003D /* Release */,
			);
			defaultConfigurationIsVisible = 0;
			defaultConfigurationName = Release;
		};
		35AD9472202723E7001C003D /* Build configuration list for PBXNativeTarget "fennecTests" */ = {
			isa = XCConfigurationList;
			buildConfigurations = (
				35AD9473202723E7001C003D /* Debug */,
				35AD9474202723E7001C003D /* Release */,
			);
			defaultConfigurationIsVisible = 0;
			defaultConfigurationName = Release;
		};
/* End XCConfigurationList section */
	};
	rootObject = 35AD9452202723E7001C003D /* Project object */;
}
